# THIS IS AN AUTOGENERATED FILE. DO NOT EDIT THIS FILE DIRECTLY.
# yarn lockfile v1


"@gorhom/bottom-sheet@^5":
  version "5.2.6"
  resolved "https://registry.yarnpkg.com/@gorhom/bottom-sheet/-/bottom-sheet-5.2.6.tgz#5f2045f6ca965383afe39f7dfa3afad1502b7467"
  integrity sha512-vmruJxdiUGDg+ZYcDmS30XDhq/h/+QkINOI5LY/uGjx8cPGwgJW0H6AB902gNTKtccbiKe/rr94EwdmIEz+LAQ==
  dependencies:
    "@gorhom/portal" "1.0.14"
    invariant "^2.2.4"

"@gorhom/portal@1.0.14":
  version "1.0.14"
  resolved "https://registry.yarnpkg.com/@gorhom/portal/-/portal-1.0.14.tgz#1953edb76aaba80fb24021dc774550194a18e111"
  integrity sha512-MXyL4xvCjmgaORr/rtryDNFy3kU4qUbKlwtQqqsygd0xX3mhKjOLn6mQK8wfu0RkoE0pBE0nAasRoHua+/QZ7A==
  dependencies:
    nanoid "^3.3.1"

invariant@^2.2.4:
  version "2.2.4"
  resolved "https://registry.yarnpkg.com/invariant/-/invariant-2.2.4.tgz#610f3c92c9359ce1db616e538008d23ff35158e6"
  integrity sha512-phJfQVBuaJM5raOpJjSfkiD6BpbCE4Ns//LaXl6wGYtUBY83nWS6Rf9tXm2e8VaK60JEjYldbPif/A2B1C2gNA==
  dependencies:
    loose-envify "^1.0.0"

"js-tokens@^3.0.0 || ^4.0.0":
  version "4.0.0"
  resolved "https://registry.yarnpkg.com/js-tokens/-/js-tokens-4.0.0.tgz#19203fb59991df98e3a287050d4647cdeaf32499"
  integrity sha512-RdJUflcE3cUzKiMqQgsCu06FPu9UdIJO0beYbPhHN4k6apgJtifcoCtT9bcxOpYBtpD2kCM6Sbzg4CausW/PKQ==

loose-envify@^1.0.0:
  version "1.4.0"
  resolved "https://registry.yarnpkg.com/loose-envify/-/loose-envify-1.4.0.tgz#71ee51fa7be4caec1a63839f7e682d8132d30caf"
  integrity sha512-lyuxPGr/Wfhrlem2CL/UcnUc1zcqKAImBDzukY7Y5F/yQiNdko6+fRLevlw1HgMySw7f611UIY408EtxRSoK3Q==
  dependencies:
    js-tokens "^3.0.0 || ^4.0.0"

nanoid@^3.3.1:
  version "3.3.11"
  resolved "https://registry.yarnpkg.com/nanoid/-/nanoid-3.3.11.tgz#4f4f112cefbe303202f2199838128936266d185b"
  integrity sha512-N8SpfPUnUp1bK+PMYW8qSWdl9U+wwNWI4QKxOYDy9JAro3WMX7p2OeVRF9v+347pnakNevPmiHhNmZ2HbFA76w==
